
Microsoft Visual Studio Solution File, Format Version 12.00
# Visual Studio Version 17
VisualStudioVersion = 17.10.34928.147
MinimumVisualStudioVersion = 10.0.40219.1
Project("{FAE04EC0-301F-11D3-BF4B-00C04F79EFBC}") = "game_api", "game_api.csproj", "{2F41878F-28CA-4CED-AC78-2730495F82CB}"
EndProject
Global
	GlobalSection(SolutionConfigurationPlatforms) = preSolution
		Debug|Any CPU = Debug|Any CPU
		Release|Any CPU = Release|Any CPU
	EndGlobalSection
	GlobalSection(ProjectConfigurationPlatforms) = postSolution
		{2F41878F-28CA-4CED-AC78-2730495F82CB}.Debug|Any CPU.ActiveCfg = Debug|Any CPU
		{2F41878F-28CA-4CED-AC78-2730495F82CB}.Debug|Any CPU.Build.0 = Debug|Any CPU
		{2F41878F-28CA-4CED-AC78-2730495F82CB}.Release|Any CPU.ActiveCfg = Release|Any CPU
		{2F41878F-28CA-4CED-AC78-2730495F82CB}.Release|Any CPU.Build.0 = Release|Any CPU
	EndGlobalSection
	GlobalSection(SolutionProperties) = preSolution
		HideSolutionNode = FALSE
	EndGlobalSection
	GlobalSection(ExtensibilityGlobals) = postSolution
		SolutionGuid = {004E017E-5355-42C9-AE82-4832FCCA2E46}
	EndGlobalSection
EndGlobal
